
Microsoft Visual Studio Solution File, Format Version 12.00
# Visual Studio Version 17
VisualStudioVersion = 17.5.33530.505
MinimumVisualStudioVersion = 10.0.40219.1
Project("{FAE04EC0-301F-11D3-BF4B-00C04F79EFBC}") = "ConsoleApp1", "ConsoleApp1.csproj", "{66AA817C-8537-43B7-B8C4-DF4B99ABB857}"
EndProject
Global
	GlobalSection(SolutionConfigurationPlatforms) = preSolution
		Debug|Any CPU = Debug|Any CPU
		Release|Any CPU = Release|Any CPU
	EndGlobalSection
	GlobalSection(ProjectConfigurationPlatforms) = postSolution
		{66AA817C-8537-43B7-B8C4-DF4B99ABB857}.Debug|Any CPU.ActiveCfg = Debug|Any CPU
		{66AA817C-8537-43B7-B8C4-DF4B99ABB857}.Debug|Any CPU.Build.0 = Debug|Any CPU
		{66AA817C-8537-43B7-B8C4-DF4B99ABB857}.Release|Any CPU.ActiveCfg = Release|Any CPU
		{66AA817C-8537-43B7-B8C4-DF4B99ABB857}.Release|Any CPU.Build.0 = Release|Any CPU
	EndGlobalSection
	GlobalSection(SolutionProperties) = preSolution
		HideSolutionNode = FALSE
	EndGlobalSection
	GlobalSection(ExtensibilityGlobals) = postSolution
		SolutionGuid = {334A0267-EBBC-4DF1-8C79-33E3F53D7352}
	EndGlobalSection
EndGlobal
